
Microsoft Visual Studio Solution File, Format Version 12.00
# Visual Studio Version 17
VisualStudioVersion = 17.0.32126.317
MinimumVisualStudioVersion = 10.0.40219.1
Project("{9A19103F-16F7-4668-BE54-9A1E7A4F7556}") = "GuessNumberGame", "GuessNumberGame\GuessNumberGame.csproj", "{79761EFD-126D-4098-BACB-76424BB1A48E}"
EndProject
Project("{9A19103F-16F7-4668-BE54-9A1E7A4F7556}") = "RockPaperScissors", "RockPaperScissors\RockPaperScissors.csproj", "{B0F459A2-5171-4DF7-8167-A0DAF49B8270}"
EndProject
Project("{9A19103F-16F7-4668-BE54-9A1E7A4F7556}") = "RPG", "RPG\RPG.csproj", "{4E4F9F75-C496-4F3E-B03A-72A275DFCA9A}"
EndProject
Project("{FAE04EC0-301F-11D3-BF4B-00C04F79EFBC}") = "Menus", "Menu\Menus.csproj", "{7A43DB77-E86D-49C5-BCAE-3CAA6F9E0DA3}"
EndProject
Global
	GlobalSection(SolutionConfigurationPlatforms) = preSolution
		Debug|Any CPU = Debug|Any CPU
		Release|Any CPU = Release|Any CPU
	EndGlobalSection
	GlobalSection(ProjectConfigurationPlatforms) = postSolution
		{79761EFD-126D-4098-BACB-76424BB1A48E}.Debug|Any CPU.ActiveCfg = Debug|Any CPU
		{79761EFD-126D-4098-BACB-76424BB1A48E}.Debug|Any CPU.Build.0 = Debug|Any CPU
		{79761EFD-126D-4098-BACB-76424BB1A48E}.Release|Any CPU.ActiveCfg = Release|Any CPU
		{79761EFD-126D-4098-BACB-76424BB1A48E}.Release|Any CPU.Build.0 = Release|Any CPU
		{B0F459A2-5171-4DF7-8167-A0DAF49B8270}.Debug|Any CPU.ActiveCfg = Debug|Any CPU
		{B0F459A2-5171-4DF7-8167-A0DAF49B8270}.Debug|Any CPU.Build.0 = Debug|Any CPU
		{B0F459A2-5171-4DF7-8167-A0DAF49B8270}.Release|Any CPU.ActiveCfg = Release|Any CPU
		{B0F459A2-5171-4DF7-8167-A0DAF49B8270}.Release|Any CPU.Build.0 = Release|Any CPU
		{4E4F9F75-C496-4F3E-B03A-72A275DFCA9A}.Debug|Any CPU.ActiveCfg = Debug|Any CPU
		{4E4F9F75-C496-4F3E-B03A-72A275DFCA9A}.Debug|Any CPU.Build.0 = Debug|Any CPU
		{4E4F9F75-C496-4F3E-B03A-72A275DFCA9A}.Release|Any CPU.ActiveCfg = Release|Any CPU
		{4E4F9F75-C496-4F3E-B03A-72A275DFCA9A}.Release|Any CPU.Build.0 = Release|Any CPU
		{7A43DB77-E86D-49C5-BCAE-3CAA6F9E0DA3}.Debug|Any CPU.ActiveCfg = Debug|Any CPU
		{7A43DB77-E86D-49C5-BCAE-3CAA6F9E0DA3}.Debug|Any CPU.Build.0 = Debug|Any CPU
		{7A43DB77-E86D-49C5-BCAE-3CAA6F9E0DA3}.Release|Any CPU.ActiveCfg = Release|Any CPU
		{7A43DB77-E86D-49C5-BCAE-3CAA6F9E0DA3}.Release|Any CPU.Build.0 = Release|Any CPU
	EndGlobalSection
	GlobalSection(SolutionProperties) = preSolution
		HideSolutionNode = FALSE
	EndGlobalSection
	GlobalSection(ExtensibilityGlobals) = postSolution
		SolutionGuid = {1CCB0E9F-F5D0-493C-87DE-1FDDAA7B9351}
	EndGlobalSection
EndGlobal
